
Microsoft Visual Studio Solution File, Format Version 12.00
# Visual Studio Version 17
VisualStudioVersion = 17.14.36221.1
MinimumVisualStudioVersion = 10.0.40219.1
Project("{FAE04EC0-301F-11D3-BF4B-00C04F79EFBC}") = "TicketSystem", "TicketSystem\TicketSystem.csproj", "{F5A54830-7AE7-4FFD-A288-1AB31D40D16A}"
EndProject
Project("{FAE04EC0-301F-11D3-BF4B-00C04F79EFBC}") = "TicketSystem.Tests", "TicketSystem.Tests\TicketSystem.Tests.csproj", "{5ADAF030-DECB-4408-BEEF-39E235EECF76}"
EndProject
Global
	GlobalSection(SolutionConfigurationPlatforms) = preSolution
		Debug|Any CPU = Debug|Any CPU
		Release|Any CPU = Release|Any CPU
	EndGlobalSection
	GlobalSection(ProjectConfigurationPlatforms) = postSolution
		{F5A54830-7AE7-4FFD-A288-1AB31D40D16A}.Debug|Any CPU.ActiveCfg = Debug|Any CPU
		{F5A54830-7AE7-4FFD-A288-1AB31D40D16A}.Debug|Any CPU.Build.0 = Debug|Any CPU
		{F5A54830-7AE7-4FFD-A288-1AB31D40D16A}.Release|Any CPU.ActiveCfg = Release|Any CPU
		{F5A54830-7AE7-4FFD-A288-1AB31D40D16A}.Release|Any CPU.Build.0 = Release|Any CPU
		{5ADAF030-DECB-4408-BEEF-39E235EECF76}.Debug|Any CPU.ActiveCfg = Debug|Any CPU
		{5ADAF030-DECB-4408-BEEF-39E235EECF76}.Debug|Any CPU.Build.0 = Debug|Any CPU
		{5ADAF030-DECB-4408-BEEF-39E235EECF76}.Release|Any CPU.ActiveCfg = Release|Any CPU
		{5ADAF030-DECB-4408-BEEF-39E235EECF76}.Release|Any CPU.Build.0 = Release|Any CPU
	EndGlobalSection
	GlobalSection(SolutionProperties) = preSolution
		HideSolutionNode = FALSE
	EndGlobalSection
	GlobalSection(ExtensibilityGlobals) = postSolution
		SolutionGuid = {D14EA379-622D-4BEB-8669-959EADE951C8}
	EndGlobalSection
EndGlobal
